{
  "nodes": {
    "Futaba_Puropo": {
      "flake": false,
      "locked": {
        "lastModified": 1724316034,
        "narHash": "sha256-GYbRD0bXcmNx45Bqp8yf7VD+07vhxAlduVAalHz7VfE=",
        "ref": "refs/heads/main",
        "rev": "2e5d6d59754e0f4622dc85e7a4ccaf80a666e47b",
        "revCount": 6,
        "type": "git",
        "url": "ssh://git@github.com/nnctroboticsclub/Futaba_Puropo.git"
      },
      "original": {
        "rev": "2e5d6d59754e0f4622dc85e7a4ccaf80a666e47b",
        "type": "git",
        "url": "ssh://git@github.com/nnctroboticsclub/Futaba_Puropo.git"
      }
    },
    "IkakoRobomas": {
      "flake": false,
      "locked": {
        "lastModified": 1725643775,
        "narHash": "sha256-ButjWZquEL3TaMb6+v/34oKKZEn58CN7vmLd33tYsL8=",
        "ref": "refs/heads/main",
        "rev": "98336d610bb255c57565b571e47c404c0070d49d",
        "revCount": 8,
        "type": "git",
        "url": "ssh://git@github.com/nnctroboticsclub/IkakoRobomas.git"
      },
      "original": {
        "rev": "98336d610bb255c57565b571e47c404c0070d49d",
        "type": "git",
        "url": "ssh://git@github.com/nnctroboticsclub/IkakoRobomas.git"
      }
    },
    "MotorController": {
      "flake": false,
      "locked": {
        "lastModified": 1723616341,
        "narHash": "sha256-4N+9PPW/dYZb50uAD+wKVl55Z3f3ab5PRDXmsC2sLQI=",
        "ref": "refs/heads/main",
        "rev": "aba526174f61a2b4e126b0bfa83311e292849e0e",
        "revCount": 3,
        "type": "git",
        "url": "ssh://git@github.com/nnctroboticsclub/MotorController.git"
      },
      "original": {
        "rev": "aba526174f61a2b4e126b0bfa83311e292849e0e",
        "type": "git",
        "url": "ssh://git@github.com/nnctroboticsclub/MotorController.git"
      }
    },
    "PS4_RX": {
      "flake": false,
      "locked": {
        "lastModified": 1695547208,
        "narHash": "sha256-cUZhxSNe514pQFQKsvqv7UP606RQeOqMPwbjzu256wo=",
        "ref": "refs/heads/main",
        "rev": "0aca1751a597c3687bb994fff6c9b282ead224a0",
        "revCount": 3,
        "type": "git",
        "url": "ssh://git@github.com/nnctroboticsclub/PS4_RX.git"
      },
      "original": {
        "rev": "0aca1751a597c3687bb994fff6c9b282ead224a0",
        "type": "git",
        "url": "ssh://git@github.com/nnctroboticsclub/PS4_RX.git"
      }
    },
    "can_servo": {
      "flake": false,
      "locked": {
        "lastModified": 1723874760,
        "narHash": "sha256-O6ZpdAZ1SFn9usqFUNFbOUK8UvRtQ0AXhH0oBic7BtU=",
        "ref": "refs/heads/master",
        "rev": "e68a8af81d92ede8c92f08270f93f54c58aa22ac",
        "revCount": 3,
        "type": "git",
        "url": "ssh://git@github.com/nnctroboticsclub/can_servo.git"
      },
      "original": {
        "rev": "e68a8af81d92ede8c92f08270f93f54c58aa22ac",
        "type": "git",
        "url": "ssh://git@github.com/nnctroboticsclub/can_servo.git"
      }
    },
    "cmsis-device-f3": {
      "flake": false,
      "locked": {
        "lastModified": 1713967105,
        "narHash": "sha256-W4J9yrbJvQEoxn2Ic5d7uLZNXufVD0fdBRvPq/DAi5M=",
        "owner": "STMicroelectronics",
        "repo": "cmsis-device-f3",
        "rev": "5558e64e3675a1e1fcb1c71f468c7c407c1b1134",
        "type": "github"
      },
      "original": {
        "owner": "STMicroelectronics",
        "repo": "cmsis-device-f3",
        "rev": "5558e64e3675a1e1fcb1c71f468c7c407c1b1134",
        "type": "github"
      }
    },
    "cmsis-device-f3_2": {
      "flake": false,
      "locked": {
        "lastModified": 1713967105,
        "narHash": "sha256-W4J9yrbJvQEoxn2Ic5d7uLZNXufVD0fdBRvPq/DAi5M=",
        "owner": "STMicroelectronics",
        "repo": "cmsis-device-f3",
        "rev": "5558e64e3675a1e1fcb1c71f468c7c407c1b1134",
        "type": "github"
      },
      "original": {
        "owner": "STMicroelectronics",
        "repo": "cmsis-device-f3",
        "rev": "5558e64e3675a1e1fcb1c71f468c7c407c1b1134",
        "type": "github"
      }
    },
    "cmsis-device-f3_3": {
      "flake": false,
      "locked": {
        "lastModified": 1713967105,
        "narHash": "sha256-W4J9yrbJvQEoxn2Ic5d7uLZNXufVD0fdBRvPq/DAi5M=",
        "owner": "STMicroelectronics",
        "repo": "cmsis-device-f3",
        "rev": "5558e64e3675a1e1fcb1c71f468c7c407c1b1134",
        "type": "github"
      },
      "original": {
        "owner": "STMicroelectronics",
        "repo": "cmsis-device-f3",
        "rev": "5558e64e3675a1e1fcb1c71f468c7c407c1b1134",
        "type": "github"
      }
    },
    "cmsis-device-f3_4": {
      "flake": false,
      "locked": {
        "lastModified": 1713967105,
        "narHash": "sha256-W4J9yrbJvQEoxn2Ic5d7uLZNXufVD0fdBRvPq/DAi5M=",
        "owner": "STMicroelectronics",
        "repo": "cmsis-device-f3",
        "rev": "5558e64e3675a1e1fcb1c71f468c7c407c1b1134",
        "type": "github"
      },
      "original": {
        "owner": "STMicroelectronics",
        "repo": "cmsis-device-f3",
        "rev": "5558e64e3675a1e1fcb1c71f468c7c407c1b1134",
        "type": "github"
      }
    },
    "cmsis-device-f3_5": {
      "flake": false,
      "locked": {
        "lastModified": 1713967105,
        "narHash": "sha256-W4J9yrbJvQEoxn2Ic5d7uLZNXufVD0fdBRvPq/DAi5M=",
        "owner": "STMicroelectronics",
        "repo": "cmsis-device-f3",
        "rev": "5558e64e3675a1e1fcb1c71f468c7c407c1b1134",
        "type": "github"
      },
      "original": {
        "owner": "STMicroelectronics",
        "repo": "cmsis-device-f3",
        "rev": "5558e64e3675a1e1fcb1c71f468c7c407c1b1134",
        "type": "github"
      }
    },
    "cmsis-device-f4": {
      "flake": false,
      "locked": {
        "lastModified": 1747911044,
        "narHash": "sha256-Q2SKaz8jm2iBZfPCZfnAnp69hDCSShe2xJUahi4Fh+8=",
        "owner": "STMicroelectronics",
        "repo": "cmsis-device-f4",
        "rev": "3c77349ce04c8af401454cc51f85ea9a50e34fc1",
        "type": "github"
      },
      "original": {
        "owner": "STMicroelectronics",
        "repo": "cmsis-device-f4",
        "rev": "3c77349ce04c8af401454cc51f85ea9a50e34fc1",
        "type": "github"
      }
    },
    "cmsis-device-f4_2": {
      "flake": false,
      "locked": {
        "lastModified": 1747911044,
        "narHash": "sha256-Q2SKaz8jm2iBZfPCZfnAnp69hDCSShe2xJUahi4Fh+8=",
        "owner": "STMicroelectronics",
        "repo": "cmsis-device-f4",
        "rev": "3c77349ce04c8af401454cc51f85ea9a50e34fc1",
        "type": "github"
      },
      "original": {
        "owner": "STMicroelectronics",
        "repo": "cmsis-device-f4",
        "rev": "3c77349ce04c8af401454cc51f85ea9a50e34fc1",
        "type": "github"
      }
    },
    "cmsis-device-f4_3": {
      "flake": false,
      "locked": {
        "lastModified": 1747911044,
        "narHash": "sha256-Q2SKaz8jm2iBZfPCZfnAnp69hDCSShe2xJUahi4Fh+8=",
        "owner": "STMicroelectronics",
        "repo": "cmsis-device-f4",
        "rev": "3c77349ce04c8af401454cc51f85ea9a50e34fc1",
        "type": "github"
      },
      "original": {
        "owner": "STMicroelectronics",
        "repo": "cmsis-device-f4",
        "rev": "3c77349ce04c8af401454cc51f85ea9a50e34fc1",
        "type": "github"
      }
    },
    "cmsis-device-f4_4": {
      "flake": false,
      "locked": {
        "lastModified": 1747911044,
        "narHash": "sha256-Q2SKaz8jm2iBZfPCZfnAnp69hDCSShe2xJUahi4Fh+8=",
        "owner": "STMicroelectronics",
        "repo": "cmsis-device-f4",
        "rev": "3c77349ce04c8af401454cc51f85ea9a50e34fc1",
        "type": "github"
      },
      "original": {
        "owner": "STMicroelectronics",
        "repo": "cmsis-device-f4",
        "rev": "3c77349ce04c8af401454cc51f85ea9a50e34fc1",
        "type": "github"
      }
    },
    "cmsis-device-f4_5": {
      "flake": false,
      "locked": {
        "lastModified": 1747911044,
        "narHash": "sha256-Q2SKaz8jm2iBZfPCZfnAnp69hDCSShe2xJUahi4Fh+8=",
        "owner": "STMicroelectronics",
        "repo": "cmsis-device-f4",
        "rev": "3c77349ce04c8af401454cc51f85ea9a50e34fc1",
        "type": "github"
      },
      "original": {
        "owner": "STMicroelectronics",
        "repo": "cmsis-device-f4",
        "rev": "3c77349ce04c8af401454cc51f85ea9a50e34fc1",
        "type": "github"
      }
    },
    "cmsis5": {
      "flake": false,
      "locked": {
        "lastModified": 1651489004,
        "narHash": "sha256-m3V5pu/ao1d7aVhlWh0lvesAXmYA5JpOVsumAi1Wioc=",
        "owner": "ARM-software",
        "repo": "CMSIS_5",
        "rev": "2b7495b8535bdcb306dac29b9ded4cfb679d7e5c",
        "type": "github"
      },
      "original": {
        "owner": "ARM-software",
        "repo": "CMSIS_5",
        "rev": "2b7495b8535bdcb306dac29b9ded4cfb679d7e5c",
        "type": "github"
      }
    },
    "cmsis5_2": {
      "flake": false,
      "locked": {
        "lastModified": 1651489004,
        "narHash": "sha256-m3V5pu/ao1d7aVhlWh0lvesAXmYA5JpOVsumAi1Wioc=",
        "owner": "ARM-software",
        "repo": "CMSIS_5",
        "rev": "2b7495b8535bdcb306dac29b9ded4cfb679d7e5c",
        "type": "github"
      },
      "original": {
        "owner": "ARM-software",
        "repo": "CMSIS_5",
        "rev": "2b7495b8535bdcb306dac29b9ded4cfb679d7e5c",
        "type": "github"
      }
    },
    "cmsis5_3": {
      "flake": false,
      "locked": {
        "lastModified": 1651489004,
        "narHash": "sha256-m3V5pu/ao1d7aVhlWh0lvesAXmYA5JpOVsumAi1Wioc=",
        "owner": "ARM-software",
        "repo": "CMSIS_5",
        "rev": "2b7495b8535bdcb306dac29b9ded4cfb679d7e5c",
        "type": "github"
      },
      "original": {
        "owner": "ARM-software",
        "repo": "CMSIS_5",
        "rev": "2b7495b8535bdcb306dac29b9ded4cfb679d7e5c",
        "type": "github"
      }
    },
    "cmsis5_4": {
      "flake": false,
      "locked": {
        "lastModified": 1651489004,
        "narHash": "sha256-m3V5pu/ao1d7aVhlWh0lvesAXmYA5JpOVsumAi1Wioc=",
        "owner": "ARM-software",
        "repo": "CMSIS_5",
        "rev": "2b7495b8535bdcb306dac29b9ded4cfb679d7e5c",
        "type": "github"
      },
      "original": {
        "owner": "ARM-software",
        "repo": "CMSIS_5",
        "rev": "2b7495b8535bdcb306dac29b9ded4cfb679d7e5c",
        "type": "github"
      }
    },
    "cmsis5_5": {
      "flake": false,
      "locked": {
        "lastModified": 1651489004,
        "narHash": "sha256-m3V5pu/ao1d7aVhlWh0lvesAXmYA5JpOVsumAi1Wioc=",
        "owner": "ARM-software",
        "repo": "CMSIS_5",
        "rev": "2b7495b8535bdcb306dac29b9ded4cfb679d7e5c",
        "type": "github"
      },
      "original": {
        "owner": "ARM-software",
        "repo": "CMSIS_5",
        "rev": "2b7495b8535bdcb306dac29b9ded4cfb679d7e5c",
        "type": "github"
      }
    },
    "f3-baremetal": {
      "inputs": {
        "nano": "nano",
        "roboenv": "roboenv_2"
      },
      "locked": {
        "lastModified": 1772081499,
        "narHash": "sha256-WV+pA7ej64tVCsaGZ421aTaI3PrgTfMoNMpXugxTXX0=",
        "ref": "refs/heads/main",
        "rev": "7fe98d57cece86c3e759d75b088146a334a57aaa",
        "revCount": 14,
        "type": "git",
        "url": "ssh://git@github.com/nnctroboticsclub/f3-baremetal"
      },
      "original": {
        "type": "git",
        "url": "ssh://git@github.com/nnctroboticsclub/f3-baremetal"
      }
    },
    "flake-compat": {
      "flake": false,
      "locked": {
        "lastModified": 1767039857,
        "narHash": "sha256-vNpUSpF5Nuw8xvDLj2KCwwksIbjua2LZCqhV1LNRDns=",
        "owner": "edolstra",
        "repo": "flake-compat",
        "rev": "5edf11c44bc78a0d334f6334cdaf7d60d732daab",
        "type": "github"
      },
      "original": {
        "owner": "edolstra",
        "repo": "flake-compat",
        "type": "github"
      }
    },
    "flake-compat_2": {
      "flake": false,
      "locked": {
        "lastModified": 1767039857,
        "narHash": "sha256-vNpUSpF5Nuw8xvDLj2KCwwksIbjua2LZCqhV1LNRDns=",
        "owner": "edolstra",
        "repo": "flake-compat",
        "rev": "5edf11c44bc78a0d334f6334cdaf7d60d732daab",
        "type": "github"
      },
      "original": {
        "owner": "edolstra",
        "repo": "flake-compat",
        "type": "github"
      }
    },
    "flake-compat_3": {
      "flake": false,
      "locked": {
        "lastModified": 1767039857,
        "narHash": "sha256-vNpUSpF5Nuw8xvDLj2KCwwksIbjua2LZCqhV1LNRDns=",
        "owner": "edolstra",
        "repo": "flake-compat",
        "rev": "5edf11c44bc78a0d334f6334cdaf7d60d732daab",
        "type": "github"
      },
      "original": {
        "owner": "edolstra",
        "repo": "flake-compat",
        "type": "github"
      }
    },
    "flake-compat_4": {
      "flake": false,
      "locked": {
        "lastModified": 1767039857,
        "narHash": "sha256-vNpUSpF5Nuw8xvDLj2KCwwksIbjua2LZCqhV1LNRDns=",
        "owner": "edolstra",
        "repo": "flake-compat",
        "rev": "5edf11c44bc78a0d334f6334cdaf7d60d732daab",
        "type": "github"
      },
      "original": {
        "owner": "edolstra",
        "repo": "flake-compat",
        "type": "github"
      }
    },
    "flake-compat_5": {
      "flake": false,
      "locked": {
        "lastModified": 1767039857,
        "narHash": "sha256-vNpUSpF5Nuw8xvDLj2KCwwksIbjua2LZCqhV1LNRDns=",
        "owner": "edolstra",
        "repo": "flake-compat",
        "rev": "5edf11c44bc78a0d334f6334cdaf7d60d732daab",
        "type": "github"
      },
      "original": {
        "owner": "edolstra",
        "repo": "flake-compat",
        "type": "github"
      }
    },
    "home-manager": {
      "inputs": {
        "nixpkgs": [
          "f3-baremetal",
          "nano",
          "roboenv",
          "nixpkgs"
        ]
      },
      "locked": {
        "lastModified": 1772060133,
        "narHash": "sha256-VuyRptb8v1lVGMlLp4/1vRX3Efwec0CN0S6mKmDPzLg=",
        "owner": "nix-community",
        "repo": "home-manager",
        "rev": "ce9b6e52500a0ea0ec48f0bbf6d7a3e431d9dfa4",
        "type": "github"
      },
      "original": {
        "owner": "nix-community",
        "repo": "home-manager",
        "type": "github"
      }
    },
    "home-manager_2": {
      "inputs": {
        "nixpkgs": [
          "f3-baremetal",
          "roboenv",
          "nixpkgs"
        ]
      },
      "locked": {
        "lastModified": 1772060133,
        "narHash": "sha256-VuyRptb8v1lVGMlLp4/1vRX3Efwec0CN0S6mKmDPzLg=",
        "owner": "nix-community",
        "repo": "home-manager",
        "rev": "ce9b6e52500a0ea0ec48f0bbf6d7a3e431d9dfa4",
        "type": "github"
      },
      "original": {
        "owner": "nix-community",
        "repo": "home-manager",
        "type": "github"
      }
    },
    "home-manager_3": {
      "inputs": {
        "nixpkgs": [
          "nano",
          "roboenv",
          "nixpkgs"
        ]
      },
      "locked": {
        "lastModified": 1772060133,
        "narHash": "sha256-VuyRptb8v1lVGMlLp4/1vRX3Efwec0CN0S6mKmDPzLg=",
        "owner": "nix-community",
        "repo": "home-manager",
        "rev": "ce9b6e52500a0ea0ec48f0bbf6d7a3e431d9dfa4",
        "type": "github"
      },
      "original": {
        "owner": "nix-community",
        "repo": "home-manager",
        "type": "github"
      }
    },
    "home-manager_4": {
      "inputs": {
        "nixpkgs": [
          "roboenv",
          "nixpkgs"
        ]
      },
      "locked": {
        "lastModified": 1772060133,
        "narHash": "sha256-VuyRptb8v1lVGMlLp4/1vRX3Efwec0CN0S6mKmDPzLg=",
        "owner": "nix-community",
        "repo": "home-manager",
        "rev": "ce9b6e52500a0ea0ec48f0bbf6d7a3e431d9dfa4",
        "type": "github"
      },
      "original": {
        "owner": "nix-community",
        "repo": "home-manager",
        "type": "github"
      }
    },
    "home-manager_5": {
      "inputs": {
        "nixpkgs": [
          "robopkgs",
          "nano",
          "roboenv",
          "nixpkgs"
        ]
      },
      "locked": {
        "lastModified": 1772060133,
        "narHash": "sha256-VuyRptb8v1lVGMlLp4/1vRX3Efwec0CN0S6mKmDPzLg=",
        "owner": "nix-community",
        "repo": "home-manager",
        "rev": "ce9b6e52500a0ea0ec48f0bbf6d7a3e431d9dfa4",
        "type": "github"
      },
      "original": {
        "owner": "nix-community",
        "repo": "home-manager",
        "type": "github"
      }
    },
    "ikakoMDC": {
      "flake": false,
      "locked": {
        "lastModified": 1719827660,
        "narHash": "sha256-XEMh0c67zCBuTxdoGMwHYqPY8wl/1nmeXAbfUfe8VGI=",
        "ref": "refs/heads/main",
        "rev": "156c6f30ca7d5d96542bae1edf4bad3487494c7a",
        "revCount": 8,
        "type": "git",
        "url": "ssh://git@github.com/nnctroboticsclub/ikakoMDC.git"
      },
      "original": {
        "rev": "156c6f30ca7d5d96542bae1edf4bad3487494c7a",
        "type": "git",
        "url": "ssh://git@github.com/nnctroboticsclub/ikakoMDC.git"
      }
    },
    "ikako_rohm_md": {
      "flake": false,
      "locked": {
        "lastModified": 1724479514,
        "narHash": "sha256-LXihbxeRDB+9Rhy6lVvwLACTyBa59hVysEgAeGLCWC8=",
        "ref": "refs/heads/main",
        "rev": "a39a09aa3014ed3c19aa81cfdbb309d3503aa98b",
        "revCount": 2,
        "type": "git",
        "url": "ssh://git@github.com/nnctroboticsclub/ikako_rohm_md.git"
      },
      "original": {
        "rev": "a39a09aa3014ed3c19aa81cfdbb309d3503aa98b",
        "type": "git",
        "url": "ssh://git@github.com/nnctroboticsclub/ikako_rohm_md.git"
      }
    },
    "ikarashiCAN_mk2": {
      "flake": false,
      "locked": {
        "lastModified": 1752295440,
        "narHash": "sha256-cfKuJ31gqvXj7WJPlesI4kwJ3ARyCCkIes0i7c+wUms=",
        "ref": "refs/heads/main",
        "rev": "3f941b99b6cffd82d69da636d187eab3fec5ec2d",
        "revCount": 13,
        "type": "git",
        "url": "ssh://git@github.com/nnctroboticsclub/ikarashiCAN_mk2.git"
      },
      "original": {
        "rev": "3f941b99b6cffd82d69da636d187eab3fec5ec2d",
        "type": "git",
        "url": "ssh://git@github.com/nnctroboticsclub/ikarashiCAN_mk2.git"
      }
    },
    "im920_rs": {
      "flake": false,
      "locked": {
        "lastModified": 1768201302,
        "narHash": "sha256-/VoERqcuZ4Jvqx+3oPeGsQbjBgW2h8pua8HGxNjV5Iw=",
        "ref": "refs/heads/main",
        "rev": "fdde2c3a0a6591a6e8f294c49e550779eca69761",
        "revCount": 34,
        "type": "git",
        "url": "ssh://git@github.com/nnctroboticsclub/im920_rs.git"
      },
      "original": {
        "rev": "fdde2c3a0a6591a6e8f294c49e550779eca69761",
        "type": "git",
        "url": "ssh://git@github.com/nnctroboticsclub/im920_rs.git"
      }
    },
    "mbed-ce": {
      "flake": false,
      "locked": {
        "lastModified": 1754582327,
        "narHash": "sha256-jYsUZ7V+vlie8v373d/pltCb4H++luwu5vcZktoco6s=",
        "owner": "mbed-ce",
        "repo": "mbed-os",
        "rev": "4ba00162ba2d73c64583018983391e1dfeaee83d",
        "type": "github"
      },
      "original": {
        "owner": "mbed-ce",
        "repo": "mbed-os",
        "rev": "4ba00162ba2d73c64583018983391e1dfeaee83d",
        "type": "github"
      }
    },
    "mbed-ce_2": {
      "flake": false,
      "locked": {
        "lastModified": 1754582327,
        "narHash": "sha256-jYsUZ7V+vlie8v373d/pltCb4H++luwu5vcZktoco6s=",
        "owner": "mbed-ce",
        "repo": "mbed-os",
        "rev": "4ba00162ba2d73c64583018983391e1dfeaee83d",
        "type": "github"
      },
      "original": {
        "owner": "mbed-ce",
        "repo": "mbed-os",
        "rev": "4ba00162ba2d73c64583018983391e1dfeaee83d",
        "type": "github"
      }
    },
    "mbed-ce_3": {
      "flake": false,
      "locked": {
        "lastModified": 1754582327,
        "narHash": "sha256-jYsUZ7V+vlie8v373d/pltCb4H++luwu5vcZktoco6s=",
        "owner": "mbed-ce",
        "repo": "mbed-os",
        "rev": "4ba00162ba2d73c64583018983391e1dfeaee83d",
        "type": "github"
      },
      "original": {
        "owner": "mbed-ce",
        "repo": "mbed-os",
        "rev": "4ba00162ba2d73c64583018983391e1dfeaee83d",
        "type": "github"
      }
    },
    "mbed-ce_4": {
      "flake": false,
      "locked": {
        "lastModified": 1754582327,
        "narHash": "sha256-jYsUZ7V+vlie8v373d/pltCb4H++luwu5vcZktoco6s=",
        "owner": "mbed-ce",
        "repo": "mbed-os",
        "rev": "4ba00162ba2d73c64583018983391e1dfeaee83d",
        "type": "github"
      },
      "original": {
        "owner": "mbed-ce",
        "repo": "mbed-os",
        "rev": "4ba00162ba2d73c64583018983391e1dfeaee83d",
        "type": "github"
      }
    },
    "mbed-ce_5": {
      "flake": false,
      "locked": {
        "lastModified": 1754582327,
        "narHash": "sha256-jYsUZ7V+vlie8v373d/pltCb4H++luwu5vcZktoco6s=",
        "owner": "mbed-ce",
        "repo": "mbed-os",
        "rev": "4ba00162ba2d73c64583018983391e1dfeaee83d",
        "type": "github"
      },
      "original": {
        "owner": "mbed-ce",
        "repo": "mbed-os",
        "rev": "4ba00162ba2d73c64583018983391e1dfeaee83d",
        "type": "github"
      }
    },
    "nano": {
      "inputs": {
        "nixpkgs": "nixpkgs",
        "roboenv": "roboenv"
      },
      "locked": {
        "lastModified": 1772081207,
        "narHash": "sha256-tWVpYxvUkbe85SiK2UD/+yI/k34DWOWJ+RpuToDPb4E=",
        "ref": "refs/heads/main",
        "rev": "0d93a03c837cbd4912fd32468444cad4d3c45732",
        "revCount": 39,
        "type": "git",
        "url": "ssh://git@github.com/nnctroboticsclub/nano.git"
      },
      "original": {
        "type": "git",
        "url": "ssh://git@github.com/nnctroboticsclub/nano.git"
      }
    },
    "nano_2": {
      "inputs": {
        "nixpkgs": "nixpkgs_6",
        "roboenv": "roboenv_3"
      },
      "locked": {
        "lastModified": 1772081500,
        "narHash": "sha256-aAKCx9YDooP86E7u/3do0k6ulZib8kg+y5q0iVc4MuM=",
        "ref": "refs/heads/main",
        "rev": "ec9dcf620d966fd0d570e5f53b7f38785cdf6196",
        "revCount": 40,
        "type": "git",
        "url": "ssh://git@github.com/nnctroboticsclub/Nano"
      },
      "original": {
        "type": "git",
        "url": "ssh://git@github.com/nnctroboticsclub/Nano"
      }
    },
    "nano_3": {
      "inputs": {
        "nixpkgs": "nixpkgs_11",
        "roboenv": "roboenv_5"
      },
      "locked": {
        "lastModified": 1772081207,
        "narHash": "sha256-tWVpYxvUkbe85SiK2UD/+yI/k34DWOWJ+RpuToDPb4E=",
        "ref": "refs/heads/main",
        "rev": "0d93a03c837cbd4912fd32468444cad4d3c45732",
        "revCount": 39,
        "type": "git",
        "url": "ssh://git@github.com/nnctroboticsclub/Nano.git"
      },
      "original": {
        "type": "git",
        "url": "ssh://git@github.com/nnctroboticsclub/Nano.git"
      }
    },
    "nixos-wsl": {
      "inputs": {
        "flake-compat": "flake-compat",
        "nixpkgs": "nixpkgs_2"
      },
      "locked": {
        "lastModified": 1771563879,
        "narHash": "sha256-vA5hocvdGhr+jfBN7A7ogeZqIz2qx01EixXwdVsQcnE=",
        "owner": "nix-community",
        "repo": "NixOS-WSL",
        "rev": "379d20c55f552e91fb9f3f0382e4a97d3f452943",
        "type": "github"
      },
      "original": {
        "owner": "nix-community",
        "ref": "main",
        "repo": "NixOS-WSL",
        "type": "github"
      }
    },
    "nixos-wsl_2": {
      "inputs": {
        "flake-compat": "flake-compat_2",
        "nixpkgs": "nixpkgs_4"
      },
      "locked": {
        "lastModified": 1771563879,
        "narHash": "sha256-vA5hocvdGhr+jfBN7A7ogeZqIz2qx01EixXwdVsQcnE=",
        "owner": "nix-community",
        "repo": "NixOS-WSL",
        "rev": "379d20c55f552e91fb9f3f0382e4a97d3f452943",
        "type": "github"
      },
      "original": {
        "owner": "nix-community",
        "ref": "main",
        "repo": "NixOS-WSL",
        "type": "github"
      }
    },
    "nixos-wsl_3": {
      "inputs": {
        "flake-compat": "flake-compat_3",
        "nixpkgs": "nixpkgs_7"
      },
      "locked": {
        "lastModified": 1771563879,
        "narHash": "sha256-vA5hocvdGhr+jfBN7A7ogeZqIz2qx01EixXwdVsQcnE=",
        "owner": "nix-community",
        "repo": "NixOS-WSL",
        "rev": "379d20c55f552e91fb9f3f0382e4a97d3f452943",
        "type": "github"
      },
      "original": {
        "owner": "nix-community",
        "ref": "main",
        "repo": "NixOS-WSL",
        "type": "github"
      }
    },
    "nixos-wsl_4": {
      "inputs": {
        "flake-compat": "flake-compat_4",
        "nixpkgs": "nixpkgs_9"
      },
      "locked": {
        "lastModified": 1771563879,
        "narHash": "sha256-vA5hocvdGhr+jfBN7A7ogeZqIz2qx01EixXwdVsQcnE=",
        "owner": "nix-community",
        "repo": "NixOS-WSL",
        "rev": "379d20c55f552e91fb9f3f0382e4a97d3f452943",
        "type": "github"
      },
      "original": {
        "owner": "nix-community",
        "ref": "main",
        "repo": "NixOS-WSL",
        "type": "github"
      }
    },
    "nixos-wsl_5": {
      "inputs": {
        "flake-compat": "flake-compat_5",
        "nixpkgs": "nixpkgs_12"
      },
      "locked": {
        "lastModified": 1771563879,
        "narHash": "sha256-vA5hocvdGhr+jfBN7A7ogeZqIz2qx01EixXwdVsQcnE=",
        "owner": "nix-community",
        "repo": "NixOS-WSL",
        "rev": "379d20c55f552e91fb9f3f0382e4a97d3f452943",
        "type": "github"
      },
      "original": {
        "owner": "nix-community",
        "ref": "main",
        "repo": "NixOS-WSL",
        "type": "github"
      }
    },
    "nixpkgs": {
      "locked": {
        "lastModified": 1772077396,
        "narHash": "sha256-ZJmBFlj5iRbMJim6RXCb9vdqpzLte5qmkBpI0h80hcs=",
        "owner": "nixos",
        "repo": "nixpkgs",
        "rev": "62d6ba015932d293e7f828a746d260fbdf99dbb0",
        "type": "github"
      },
      "original": {
        "owner": "nixos",
        "ref": "release-25.11",
        "repo": "nixpkgs",
        "type": "github"
      }
    },
    "nixpkgs_10": {
      "locked": {
        "lastModified": 1772077396,
        "narHash": "sha256-ZJmBFlj5iRbMJim6RXCb9vdqpzLte5qmkBpI0h80hcs=",
        "owner": "nixos",
        "repo": "nixpkgs",
        "rev": "62d6ba015932d293e7f828a746d260fbdf99dbb0",
        "type": "github"
      },
      "original": {
        "owner": "nixos",
        "ref": "release-25.11",
        "repo": "nixpkgs",
        "type": "github"
      }
    },
    "nixpkgs_11": {
      "locked": {
        "lastModified": 1772077396,
        "narHash": "sha256-ZJmBFlj5iRbMJim6RXCb9vdqpzLte5qmkBpI0h80hcs=",
        "owner": "nixos",
        "repo": "nixpkgs",
        "rev": "62d6ba015932d293e7f828a746d260fbdf99dbb0",
        "type": "github"
      },
      "original": {
        "owner": "nixos",
        "ref": "release-25.11",
        "repo": "nixpkgs",
        "type": "github"
      }
    },
    "nixpkgs_12": {
      "locked": {
        "lastModified": 1770019141,
        "narHash": "sha256-VKS4ZLNx4PNrABoB0L8KUpc1fE7CLpQXQs985tGfaCU=",
        "owner": "NixOS",
        "repo": "nixpkgs",
        "rev": "cb369ef2efd432b3cdf8622b0ffc0a97a02f3137",
        "type": "github"
      },
      "original": {
        "owner": "NixOS",
        "ref": "nixos-unstable",
        "repo": "nixpkgs",
        "type": "github"
      }
    },
    "nixpkgs_13": {
      "locked": {
        "lastModified": 1772077396,
        "narHash": "sha256-ZJmBFlj5iRbMJim6RXCb9vdqpzLte5qmkBpI0h80hcs=",
        "owner": "nixos",
        "repo": "nixpkgs",
        "rev": "62d6ba015932d293e7f828a746d260fbdf99dbb0",
        "type": "github"
      },
      "original": {
        "owner": "nixos",
        "ref": "release-25.11",
        "repo": "nixpkgs",
        "type": "github"
      }
    },
    "nixpkgs_14": {
      "locked": {
        "lastModified": 1772077396,
        "narHash": "sha256-ZJmBFlj5iRbMJim6RXCb9vdqpzLte5qmkBpI0h80hcs=",
        "owner": "nixos",
        "repo": "nixpkgs",
        "rev": "62d6ba015932d293e7f828a746d260fbdf99dbb0",
        "type": "github"
      },
      "original": {
        "owner": "nixos",
        "ref": "release-25.11",
        "repo": "nixpkgs",
        "type": "github"
      }
    },
    "nixpkgs_2": {
      "locked": {
        "lastModified": 1770019141,
        "narHash": "sha256-VKS4ZLNx4PNrABoB0L8KUpc1fE7CLpQXQs985tGfaCU=",
        "owner": "NixOS",
        "repo": "nixpkgs",
        "rev": "cb369ef2efd432b3cdf8622b0ffc0a97a02f3137",
        "type": "github"
      },
      "original": {
        "owner": "NixOS",
        "ref": "nixos-unstable",
        "repo": "nixpkgs",
        "type": "github"
      }
    },
    "nixpkgs_3": {
      "locked": {
        "lastModified": 1772077396,
        "narHash": "sha256-ZJmBFlj5iRbMJim6RXCb9vdqpzLte5qmkBpI0h80hcs=",
        "owner": "nixos",
        "repo": "nixpkgs",
        "rev": "62d6ba015932d293e7f828a746d260fbdf99dbb0",
        "type": "github"
      },
      "original": {
        "owner": "nixos",
        "ref": "release-25.11",
        "repo": "nixpkgs",
        "type": "github"
      }
    },
    "nixpkgs_4": {
      "locked": {
        "lastModified": 1770019141,
        "narHash": "sha256-VKS4ZLNx4PNrABoB0L8KUpc1fE7CLpQXQs985tGfaCU=",
        "owner": "NixOS",
        "repo": "nixpkgs",
        "rev": "cb369ef2efd432b3cdf8622b0ffc0a97a02f3137",
        "type": "github"
      },
      "original": {
        "owner": "NixOS",
        "ref": "nixos-unstable",
        "repo": "nixpkgs",
        "type": "github"
      }
    },
    "nixpkgs_5": {
      "locked": {
        "lastModified": 1772077396,
        "narHash": "sha256-ZJmBFlj5iRbMJim6RXCb9vdqpzLte5qmkBpI0h80hcs=",
        "owner": "nixos",
        "repo": "nixpkgs",
        "rev": "62d6ba015932d293e7f828a746d260fbdf99dbb0",
        "type": "github"
      },
      "original": {
        "owner": "nixos",
        "ref": "release-25.11",
        "repo": "nixpkgs",
        "type": "github"
      }
    },
    "nixpkgs_6": {
      "locked": {
        "lastModified": 1772077396,
        "narHash": "sha256-ZJmBFlj5iRbMJim6RXCb9vdqpzLte5qmkBpI0h80hcs=",
        "owner": "nixos",
        "repo": "nixpkgs",
        "rev": "62d6ba015932d293e7f828a746d260fbdf99dbb0",
        "type": "github"
      },
      "original": {
        "owner": "nixos",
        "ref": "release-25.11",
        "repo": "nixpkgs",
        "type": "github"
      }
    },
    "nixpkgs_7": {
      "locked": {
        "lastModified": 1770019141,
        "narHash": "sha256-VKS4ZLNx4PNrABoB0L8KUpc1fE7CLpQXQs985tGfaCU=",
        "owner": "NixOS",
        "repo": "nixpkgs",
        "rev": "cb369ef2efd432b3cdf8622b0ffc0a97a02f3137",
        "type": "github"
      },
      "original": {
        "owner": "NixOS",
        "ref": "nixos-unstable",
        "repo": "nixpkgs",
        "type": "github"
      }
    },
    "nixpkgs_8": {
      "locked": {
        "lastModified": 1772077396,
        "narHash": "sha256-ZJmBFlj5iRbMJim6RXCb9vdqpzLte5qmkBpI0h80hcs=",
        "owner": "nixos",
        "repo": "nixpkgs",
        "rev": "62d6ba015932d293e7f828a746d260fbdf99dbb0",
        "type": "github"
      },
      "original": {
        "owner": "nixos",
        "ref": "release-25.11",
        "repo": "nixpkgs",
        "type": "github"
      }
    },
    "nixpkgs_9": {
      "locked": {
        "lastModified": 1770019141,
        "narHash": "sha256-VKS4ZLNx4PNrABoB0L8KUpc1fE7CLpQXQs985tGfaCU=",
        "owner": "NixOS",
        "repo": "nixpkgs",
        "rev": "cb369ef2efd432b3cdf8622b0ffc0a97a02f3137",
        "type": "github"
      },
      "original": {
        "owner": "NixOS",
        "ref": "nixos-unstable",
        "repo": "nixpkgs",
        "type": "github"
      }
    },
    "roboenv": {
      "inputs": {
        "cmsis-device-f3": "cmsis-device-f3",
        "cmsis-device-f4": "cmsis-device-f4",
        "cmsis5": "cmsis5",
        "home-manager": "home-manager",
        "mbed-ce": "mbed-ce",
        "nixos-wsl": "nixos-wsl",
        "nixpkgs": "nixpkgs_3",
        "rust-overlay": "rust-overlay",
        "stm32f3xx-hal-driver": "stm32f3xx-hal-driver",
        "stm32f4xx-hal-driver": "stm32f4xx-hal-driver"
      },
      "locked": {
        "lastModified": 1772080967,
        "narHash": "sha256-LE1Xr0ZxZo0Rgy016SyUukpdQUOJbswc/LqWzg/VqQE=",
        "ref": "refs/heads/main",
        "rev": "0c9ab1bf0874fb3040280324ea362bb901d73da6",
        "revCount": 81,
        "type": "git",
        "url": "ssh://git@github.com/nnctroboticsclub/roboenv-nix.git"
      },
      "original": {
        "type": "git",
        "url": "ssh://git@github.com/nnctroboticsclub/roboenv-nix.git"
      }
    },
    "roboenv_2": {
      "inputs": {
        "cmsis-device-f3": "cmsis-device-f3_2",
        "cmsis-device-f4": "cmsis-device-f4_2",
        "cmsis5": "cmsis5_2",
        "home-manager": "home-manager_2",
        "mbed-ce": "mbed-ce_2",
        "nixos-wsl": "nixos-wsl_2",
        "nixpkgs": "nixpkgs_5",
        "rust-overlay": "rust-overlay_2",
        "stm32f3xx-hal-driver": "stm32f3xx-hal-driver_2",
        "stm32f4xx-hal-driver": "stm32f4xx-hal-driver_2"
      },
      "locked": {
        "lastModified": 1772081202,
        "narHash": "sha256-ZWclcn35lqkAIP7nq+VjLnZN+QjfENXYyeZSpcDGo90=",
        "ref": "refs/heads/main",
        "rev": "6b47fc3f970d8621be9e30ec68087dab68b1868e",
        "revCount": 82,
        "type": "git",
        "url": "ssh://git@github.com/nnctroboticsclub/roboenv-nix.git"
      },
      "original": {
        "type": "git",
        "url": "ssh://git@github.com/nnctroboticsclub/roboenv-nix.git"
      }
    },
    "roboenv_3": {
      "inputs": {
        "cmsis-device-f3": "cmsis-device-f3_3",
        "cmsis-device-f4": "cmsis-device-f4_3",
        "cmsis5": "cmsis5_3",
        "home-manager": "home-manager_3",
        "mbed-ce": "mbed-ce_3",
        "nixos-wsl": "nixos-wsl_3",
        "nixpkgs": "nixpkgs_8",
        "rust-overlay": "rust-overlay_3",
        "stm32f3xx-hal-driver": "stm32f3xx-hal-driver_3",
        "stm32f4xx-hal-driver": "stm32f4xx-hal-driver_3"
      },
      "locked": {
        "lastModified": 1772081202,
        "narHash": "sha256-ZWclcn35lqkAIP7nq+VjLnZN+QjfENXYyeZSpcDGo90=",
        "ref": "refs/heads/main",
        "rev": "6b47fc3f970d8621be9e30ec68087dab68b1868e",
        "revCount": 82,
        "type": "git",
        "url": "ssh://git@github.com/nnctroboticsclub/roboenv-nix.git"
      },
      "original": {
        "type": "git",
        "url": "ssh://git@github.com/nnctroboticsclub/roboenv-nix.git"
      }
    },
    "roboenv_4": {
      "inputs": {
        "cmsis-device-f3": "cmsis-device-f3_4",
        "cmsis-device-f4": "cmsis-device-f4_4",
        "cmsis5": "cmsis5_4",
        "home-manager": "home-manager_4",
        "mbed-ce": "mbed-ce_4",
        "nixos-wsl": "nixos-wsl_4",
        "nixpkgs": "nixpkgs_10",
        "rust-overlay": "rust-overlay_4",
        "stm32f3xx-hal-driver": "stm32f3xx-hal-driver_4",
        "stm32f4xx-hal-driver": "stm32f4xx-hal-driver_4"
      },
      "locked": {
        "lastModified": 1772081501,
        "narHash": "sha256-kTHbB5iEmePDb/WgwGt9IiBZxSX20uzmEJFEJ8J3kXk=",
        "ref": "refs/heads/main",
        "rev": "99cf35e277cc872306bd21b21296d53936919153",
        "revCount": 83,
        "type": "git",
        "url": "ssh://git@github.com/nnctroboticsclub/roboenv-nix"
      },
      "original": {
        "type": "git",
        "url": "ssh://git@github.com/nnctroboticsclub/roboenv-nix"
      }
    },
    "roboenv_5": {
      "inputs": {
        "cmsis-device-f3": "cmsis-device-f3_5",
        "cmsis-device-f4": "cmsis-device-f4_5",
        "cmsis5": "cmsis5_5",
        "home-manager": "home-manager_5",
        "mbed-ce": "mbed-ce_5",
        "nixos-wsl": "nixos-wsl_5",
        "nixpkgs": "nixpkgs_13",
        "rust-overlay": "rust-overlay_5",
        "stm32f3xx-hal-driver": "stm32f3xx-hal-driver_5",
        "stm32f4xx-hal-driver": "stm32f4xx-hal-driver_5"
      },
      "locked": {
        "lastModified": 1772080967,
        "narHash": "sha256-LE1Xr0ZxZo0Rgy016SyUukpdQUOJbswc/LqWzg/VqQE=",
        "ref": "refs/heads/main",
        "rev": "0c9ab1bf0874fb3040280324ea362bb901d73da6",
        "revCount": 81,
        "type": "git",
        "url": "ssh://git@github.com/nnctroboticsclub/roboenv-nix.git"
      },
      "original": {
        "type": "git",
        "url": "ssh://git@github.com/nnctroboticsclub/roboenv-nix.git"
      }
    },
    "robopkgs": {
      "inputs": {
        "Futaba_Puropo": "Futaba_Puropo",
        "IkakoRobomas": "IkakoRobomas",
        "MotorController": "MotorController",
        "PS4_RX": "PS4_RX",
        "can_servo": "can_servo",
        "ikakoMDC": "ikakoMDC",
        "ikako_rohm_md": "ikako_rohm_md",
        "ikarashiCAN_mk2": "ikarashiCAN_mk2",
        "im920_rs": "im920_rs",
        "nano": "nano_3",
        "nixpkgs": "nixpkgs_14",
        "srobo_base": "srobo_base"
      },
      "locked": {
        "lastModified": 1772081498,
        "narHash": "sha256-Sp03jUS1Rkjzz0nR9Vz1ueGYl+rnVAO1iWLpcgU6PoA=",
        "ref": "refs/heads/main",
        "rev": "02cb96e9dee3f6c3dcc145c030b5765c234127ae",
        "revCount": 6,
        "type": "git",
        "url": "ssh://git@github.com/nnctroboticsclub/robopkgs-nix"
      },
      "original": {
        "type": "git",
        "url": "ssh://git@github.com/nnctroboticsclub/robopkgs-nix"
      }
    },
    "root": {
      "inputs": {
        "f3-baremetal": "f3-baremetal",
        "nano": "nano_2",
        "roboenv": "roboenv_4",
        "robopkgs": "robopkgs"
      }
    },
    "rust-overlay": {
      "inputs": {
        "nixpkgs": [
          "f3-baremetal",
          "nano",
          "roboenv",
          "nixpkgs"
        ]
      },
      "locked": {
        "lastModified": 1772075164,
        "narHash": "sha256-93XcvAt+6p7aAq1ERlxD2T17zLGoYGo64KJYasGcpgc=",
        "owner": "oxalica",
        "repo": "rust-overlay",
        "rev": "07601339b15fa6810541c0e7dc2f3664d92a7ad0",
        "type": "github"
      },
      "original": {
        "owner": "oxalica",
        "repo": "rust-overlay",
        "type": "github"
      }
    },
    "rust-overlay_2": {
      "inputs": {
        "nixpkgs": [
          "f3-baremetal",
          "roboenv",
          "nixpkgs"
        ]
      },
      "locked": {
        "lastModified": 1772075164,
        "narHash": "sha256-93XcvAt+6p7aAq1ERlxD2T17zLGoYGo64KJYasGcpgc=",
        "owner": "oxalica",
        "repo": "rust-overlay",
        "rev": "07601339b15fa6810541c0e7dc2f3664d92a7ad0",
        "type": "github"
      },
      "original": {
        "owner": "oxalica",
        "repo": "rust-overlay",
        "type": "github"
      }
    },
    "rust-overlay_3": {
      "inputs": {
        "nixpkgs": [
          "nano",
          "roboenv",
          "nixpkgs"
        ]
      },
      "locked": {
        "lastModified": 1772075164,
        "narHash": "sha256-93XcvAt+6p7aAq1ERlxD2T17zLGoYGo64KJYasGcpgc=",
        "owner": "oxalica",
        "repo": "rust-overlay",
        "rev": "07601339b15fa6810541c0e7dc2f3664d92a7ad0",
        "type": "github"
      },
      "original": {
        "owner": "oxalica",
        "repo": "rust-overlay",
        "type": "github"
      }
    },
    "rust-overlay_4": {
      "inputs": {
        "nixpkgs": [
          "roboenv",
          "nixpkgs"
        ]
      },
      "locked": {
        "lastModified": 1772075164,
        "narHash": "sha256-93XcvAt+6p7aAq1ERlxD2T17zLGoYGo64KJYasGcpgc=",
        "owner": "oxalica",
        "repo": "rust-overlay",
        "rev": "07601339b15fa6810541c0e7dc2f3664d92a7ad0",
        "type": "github"
      },
      "original": {
        "owner": "oxalica",
        "repo": "rust-overlay",
        "type": "github"
      }
    },
    "rust-overlay_5": {
      "inputs": {
        "nixpkgs": [
          "robopkgs",
          "nano",
          "roboenv",
          "nixpkgs"
        ]
      },
      "locked": {
        "lastModified": 1772075164,
        "narHash": "sha256-93XcvAt+6p7aAq1ERlxD2T17zLGoYGo64KJYasGcpgc=",
        "owner": "oxalica",
        "repo": "rust-overlay",
        "rev": "07601339b15fa6810541c0e7dc2f3664d92a7ad0",
        "type": "github"
      },
      "original": {
        "owner": "oxalica",
        "repo": "rust-overlay",
        "type": "github"
      }
    },
    "srobo_base": {
      "flake": false,
      "locked": {
        "lastModified": 1770680077,
        "narHash": "sha256-YrcAmOocXvb9+BYYc7tIruGSpYiXSODP9wWTiGhvb2w=",
        "ref": "refs/heads/main",
        "rev": "0a10ff3964519b618f4f3fda6082a694a4e21caa",
        "revCount": 35,
        "type": "git",
        "url": "ssh://git@github.com/nnctroboticsclub/srobo_base.git"
      },
      "original": {
        "rev": "0a10ff3964519b618f4f3fda6082a694a4e21caa",
        "type": "git",
        "url": "ssh://git@github.com/nnctroboticsclub/srobo_base.git"
      }
    },
    "stm32f3xx-hal-driver": {
      "flake": false,
      "locked": {
        "lastModified": 1760107044,
        "narHash": "sha256-ALozMQFB354RSXHxkHNEroNbjfIi4cSHuCjxclXeLTk=",
        "owner": "STMicroelectronics",
        "repo": "stm32f3xx-hal-driver",
        "rev": "ef8c84f93e990805571c056f206538793d011542",
        "type": "github"
      },
      "original": {
        "owner": "STMicroelectronics",
        "repo": "stm32f3xx-hal-driver",
        "rev": "ef8c84f93e990805571c056f206538793d011542",
        "type": "github"
      }
    },
    "stm32f3xx-hal-driver_2": {
      "flake": false,
      "locked": {
        "lastModified": 1760107044,
        "narHash": "sha256-ALozMQFB354RSXHxkHNEroNbjfIi4cSHuCjxclXeLTk=",
        "owner": "STMicroelectronics",
        "repo": "stm32f3xx-hal-driver",
        "rev": "ef8c84f93e990805571c056f206538793d011542",
        "type": "github"
      },
      "original": {
        "owner": "STMicroelectronics",
        "repo": "stm32f3xx-hal-driver",
        "rev": "ef8c84f93e990805571c056f206538793d011542",
        "type": "github"
      }
    },
    "stm32f3xx-hal-driver_3": {
      "flake": false,
      "locked": {
        "lastModified": 1760107044,
        "narHash": "sha256-ALozMQFB354RSXHxkHNEroNbjfIi4cSHuCjxclXeLTk=",
        "owner": "STMicroelectronics",
        "repo": "stm32f3xx-hal-driver",
        "rev": "ef8c84f93e990805571c056f206538793d011542",
        "type": "github"
      },
      "original": {
        "owner": "STMicroelectronics",
        "repo": "stm32f3xx-hal-driver",
        "rev": "ef8c84f93e990805571c056f206538793d011542",
        "type": "github"
      }
    },
    "stm32f3xx-hal-driver_4": {
      "flake": false,
      "locked": {
        "lastModified": 1760107044,
        "narHash": "sha256-ALozMQFB354RSXHxkHNEroNbjfIi4cSHuCjxclXeLTk=",
        "owner": "STMicroelectronics",
        "repo": "stm32f3xx-hal-driver",
        "rev": "ef8c84f93e990805571c056f206538793d011542",
        "type": "github"
      },
      "original": {
        "owner": "STMicroelectronics",
        "repo": "stm32f3xx-hal-driver",
        "rev": "ef8c84f93e990805571c056f206538793d011542",
        "type": "github"
      }
    },
    "stm32f3xx-hal-driver_5": {
      "flake": false,
      "locked": {
        "lastModified": 1760107044,
        "narHash": "sha256-ALozMQFB354RSXHxkHNEroNbjfIi4cSHuCjxclXeLTk=",
        "owner": "STMicroelectronics",
        "repo": "stm32f3xx-hal-driver",
        "rev": "ef8c84f93e990805571c056f206538793d011542",
        "type": "github"
      },
      "original": {
        "owner": "STMicroelectronics",
        "repo": "stm32f3xx-hal-driver",
        "rev": "ef8c84f93e990805571c056f206538793d011542",
        "type": "github"
      }
    },
    "stm32f4xx-hal-driver": {
      "flake": false,
      "locked": {
        "lastModified": 1762530525,
        "narHash": "sha256-CynoM96Rr4/Gb55Ci4t/aIhn6FrtxivxsWJy6eKcDdA=",
        "owner": "STMicroelectronics",
        "repo": "stm32f4xx-hal-driver",
        "rev": "edad1a8a23ec4d7d287df60f0992ca395c85395c",
        "type": "github"
      },
      "original": {
        "owner": "STMicroelectronics",
        "repo": "stm32f4xx-hal-driver",
        "rev": "edad1a8a23ec4d7d287df60f0992ca395c85395c",
        "type": "github"
      }
    },
    "stm32f4xx-hal-driver_2": {
      "flake": false,
      "locked": {
        "lastModified": 1762530525,
        "narHash": "sha256-CynoM96Rr4/Gb55Ci4t/aIhn6FrtxivxsWJy6eKcDdA=",
        "owner": "STMicroelectronics",
        "repo": "stm32f4xx-hal-driver",
        "rev": "edad1a8a23ec4d7d287df60f0992ca395c85395c",
        "type": "github"
      },
      "original": {
        "owner": "STMicroelectronics",
        "repo": "stm32f4xx-hal-driver",
        "rev": "edad1a8a23ec4d7d287df60f0992ca395c85395c",
        "type": "github"
      }
    },
    "stm32f4xx-hal-driver_3": {
      "flake": false,
      "locked": {
        "lastModified": 1762530525,
        "narHash": "sha256-CynoM96Rr4/Gb55Ci4t/aIhn6FrtxivxsWJy6eKcDdA=",
        "owner": "STMicroelectronics",
        "repo": "stm32f4xx-hal-driver",
        "rev": "edad1a8a23ec4d7d287df60f0992ca395c85395c",
        "type": "github"
      },
      "original": {
        "owner": "STMicroelectronics",
        "repo": "stm32f4xx-hal-driver",
        "rev": "edad1a8a23ec4d7d287df60f0992ca395c85395c",
        "type": "github"
      }
    },
    "stm32f4xx-hal-driver_4": {
      "flake": false,
      "locked": {
        "lastModified": 1762530525,
        "narHash": "sha256-CynoM96Rr4/Gb55Ci4t/aIhn6FrtxivxsWJy6eKcDdA=",
        "owner": "STMicroelectronics",
        "repo": "stm32f4xx-hal-driver",
        "rev": "edad1a8a23ec4d7d287df60f0992ca395c85395c",
        "type": "github"
      },
      "original": {
        "owner": "STMicroelectronics",
        "repo": "stm32f4xx-hal-driver",
        "rev": "edad1a8a23ec4d7d287df60f0992ca395c85395c",
        "type": "github"
      }
    },
    "stm32f4xx-hal-driver_5": {
      "flake": false,
      "locked": {
        "lastModified": 1762530525,
        "narHash": "sha256-CynoM96Rr4/Gb55Ci4t/aIhn6FrtxivxsWJy6eKcDdA=",
        "owner": "STMicroelectronics",
        "repo": "stm32f4xx-hal-driver",
        "rev": "edad1a8a23ec4d7d287df60f0992ca395c85395c",
        "type": "github"
      },
      "original": {
        "owner": "STMicroelectronics",
        "repo": "stm32f4xx-hal-driver",
        "rev": "edad1a8a23ec4d7d287df60f0992ca395c85395c",
        "type": "github"
      }
    }
  },
  "root": "root",
  "version": 7
}
