{
  "nodes": {
    "nixpkgs": {
      "locked": {
        "lastModified": 1767259999,
        "narHash": "sha256-fKRcKEJsPgtXNb2cc4B0p8Afbw0RZF/s+4S+tZDzSL8=",
        "owner": "nixos",
        "repo": "nixpkgs",
        "rev": "997a26524a89b8b6c8774fcc390d9d2dfeda862f",
        "type": "github"
      },
      "original": {
        "owner": "nixos",
        "ref": "release-25.11",
        "repo": "nixpkgs",
        "type": "github"
      }
    },
    "root": {
      "inputs": {
        "nixpkgs": "nixpkgs",
        "rust-overlay": "rust-overlay"
      }
    },
    "rust-overlay": {
      "inputs": {
        "nixpkgs": [
          "nixpkgs"
        ]
      },
      "locked": {
        "lastModified": 1767236000,
        "narHash": "sha256-l4ftzyoD7XX0biEoTEwhOkFhvHhmggkVQyl2jEES0so=",
        "owner": "oxalica",
        "repo": "rust-overlay",
        "rev": "2be15c4abeba7ade2cf9bc4c17ab310441e533b9",
        "type": "github"
      },
      "original": {
        "owner": "oxalica",
        "repo": "rust-overlay",
        "type": "github"
      }
    }
  },
  "root": "root",
  "version": 7
}
